
Microsoft Visual Studio Solution File, Format Version 12.00
# Visual Studio Version 16
VisualStudioVersion = 16.0.31624.102
MinimumVisualStudioVersion = 10.0.40219.1
Project("{9A19103F-16F7-4668-BE54-9A1E7A4F7556}") = "DIO.Series", "DIO.Series.csproj", "{1DEC85F9-63D2-4B18-8DB6-FBB7D3C1A629}"
EndProject
Global
	GlobalSection(SolutionConfigurationPlatforms) = preSolution
		Debug|Any CPU = Debug|Any CPU
		Release|Any CPU = Release|Any CPU
	EndGlobalSection
	GlobalSection(ProjectConfigurationPlatforms) = postSolution
		{1DEC85F9-63D2-4B18-8DB6-FBB7D3C1A629}.Debug|Any CPU.ActiveCfg = Debug|Any CPU
		{1DEC85F9-63D2-4B18-8DB6-FBB7D3C1A629}.Debug|Any CPU.Build.0 = Debug|Any CPU
		{1DEC85F9-63D2-4B18-8DB6-FBB7D3C1A629}.Release|Any CPU.ActiveCfg = Release|Any CPU
		{1DEC85F9-63D2-4B18-8DB6-FBB7D3C1A629}.Release|Any CPU.Build.0 = Release|Any CPU
	EndGlobalSection
	GlobalSection(SolutionProperties) = preSolution
		HideSolutionNode = FALSE
	EndGlobalSection
	GlobalSection(ExtensibilityGlobals) = postSolution
		SolutionGuid = {A2884C44-3A21-4EB3-96B9-95984DEAD001}
	EndGlobalSection
EndGlobal
